
Microsoft Visual Studio Solution File, Format Version 12.00
# Visual Studio Version 17
VisualStudioVersion = 17.6.33815.320
MinimumVisualStudioVersion = 10.0.40219.1
Project("{FAE04EC0-301F-11D3-BF4B-00C04F79EFBC}") = "MoveFilesToCalendarFolder", "MoveFilesToCalendarFolder\MoveFilesToCalendarFolder.csproj", "{93442E64-0EC4-40CA-B0F2-EA698B1AFA44}"
EndProject
Global
	GlobalSection(SolutionConfigurationPlatforms) = preSolution
		Debug|Any CPU = Debug|Any CPU
		Release|Any CPU = Release|Any CPU
	EndGlobalSection
	GlobalSection(ProjectConfigurationPlatforms) = postSolution
		{93442E64-0EC4-40CA-B0F2-EA698B1AFA44}.Debug|Any CPU.ActiveCfg = Debug|Any CPU
		{93442E64-0EC4-40CA-B0F2-EA698B1AFA44}.Debug|Any CPU.Build.0 = Debug|Any CPU
		{93442E64-0EC4-40CA-B0F2-EA698B1AFA44}.Release|Any CPU.ActiveCfg = Release|Any CPU
		{93442E64-0EC4-40CA-B0F2-EA698B1AFA44}.Release|Any CPU.Build.0 = Release|Any CPU
	EndGlobalSection
	GlobalSection(SolutionProperties) = preSolution
		HideSolutionNode = FALSE
	EndGlobalSection
	GlobalSection(ExtensibilityGlobals) = postSolution
		SolutionGuid = {520A5B0B-BCB1-4138-8140-FB74A0E22480}
	EndGlobalSection
EndGlobal
